{
    
"name": "adorn-api",
    
"lockfileVersion": 3,
    
"requires": true,
    
"packages": {
    
    
"": {
    
    
    
"dependencies": {
    
    
    
    
"metal-orm": "^1.0.90"
    
    
    
}
    
    
},
    
    
"node_modules/metal-orm": {
    
    
    
"version": "1.0.90",
    
    
    
"resolved": "https://registry.npmjs.org/metal-orm/-/metal-orm-1.0.90.tgz",
    
    
    
"integrity": "sha512-Kug0bfvWKPFGfDmabcbuSc3zO2trqFX7WZKrR+Gy/o6OzgaQoessd2kXYcTIaOMYszsT5DFsuzveOkK2fruuHg==",
    
    
    
"bin": {
    
    
    
    
"metal-orm-gen": "scripts/generate-entities.mjs"
    
    
    
},
    
    
    
"engines": {
    
    
    
    
"node": ">=20.0.0"
    
    
    
},
    
    
    
"peerDependencies": {
    
    
    
    
"mysql2": "^3.9.0",
    
    
    
    
"pg": "^8.0.0",
    
    
    
    
"sqlite3": "^5.1.6",
    
    
    
    
"tedious": "^16.0.0"
    
    
    
},
    
    
    
"peerDependenciesMeta": {
    
    
    
    
"mysql2": {
    
    
    
    
    
"optional": true
    
    
    
    
},
    
    
    
    
"pg": {
    
    
    
    
    
"optional": true
    
    
    
    
},
    
    
    
    
"sqlite3": {
    
    
    
    
    
"optional": true
    
    
    
    
},
    
    
    
    
"tedious": {
    
    
    
    
    
"optional": true
    
    
    
    
}
    
    
    
}
    
    
}
    
}
}
